
Microsoft Visual Studio Solution File, Format Version 12.00
# Visual Studio Version 17
VisualStudioVersion = 17.3.32929.385
MinimumVisualStudioVersion = 10.0.40219.1
Project("{9A19103F-16F7-4668-BE54-9A1E7A4F7556}") = "Cuisine.API", "Cuisine.API\Cuisine.API.csproj", "{46EC1EC3-4099-43E6-BBC7-EEF337A01F8D}"
EndProject
Project("{2150E333-8FDC-42A3-9474-1A3956D46DE8}") = "Libs", "Libs", "{65348619-DB86-4C70-8A0F-D5ACE024F5D6}"
EndProject
Project("{9A19103F-16F7-4668-BE54-9A1E7A4F7556}") = "Cuisine.Core.Infrastructures", "Cuisine.Core.Infrastructures\Cuisine.Core.Infrastructures.csproj", "{A1A0D63C-D8EE-4D9A-BB20-783694E2B2CE}"
EndProject
Project("{9A19103F-16F7-4668-BE54-9A1E7A4F7556}") = "Cuisine.Core.Domain", "Cuisine.Core.Domain\Cuisine.Core.Domain.csproj", "{3A472935-27EC-4443-A9B3-2D268691A4CF}"
EndProject
Project("{9A19103F-16F7-4668-BE54-9A1E7A4F7556}") = "Cuisine.Core.Framework", "Cuisine.Core.Framework\Cuisine.Core.Framework.csproj", "{D47DE1DE-F10C-4CBA-BB12-9F4324EE2C58}"
EndProject
Global
	GlobalSection(SolutionConfigurationPlatforms) = preSolution
		Debug|Any CPU = Debug|Any CPU
		Release|Any CPU = Release|Any CPU
	EndGlobalSection
	GlobalSection(ProjectConfigurationPlatforms) = postSolution
		{46EC1EC3-4099-43E6-BBC7-EEF337A01F8D}.Debug|Any CPU.ActiveCfg = Debug|Any CPU
		{46EC1EC3-4099-43E6-BBC7-EEF337A01F8D}.Debug|Any CPU.Build.0 = Debug|Any CPU
		{46EC1EC3-4099-43E6-BBC7-EEF337A01F8D}.Release|Any CPU.ActiveCfg = Release|Any CPU
		{46EC1EC3-4099-43E6-BBC7-EEF337A01F8D}.Release|Any CPU.Build.0 = Release|Any CPU
		{A1A0D63C-D8EE-4D9A-BB20-783694E2B2CE}.Debug|Any CPU.ActiveCfg = Debug|Any CPU
		{A1A0D63C-D8EE-4D9A-BB20-783694E2B2CE}.Debug|Any CPU.Build.0 = Debug|Any CPU
		{A1A0D63C-D8EE-4D9A-BB20-783694E2B2CE}.Release|Any CPU.ActiveCfg = Release|Any CPU
		{A1A0D63C-D8EE-4D9A-BB20-783694E2B2CE}.Release|Any CPU.Build.0 = Release|Any CPU
		{3A472935-27EC-4443-A9B3-2D268691A4CF}.Debug|Any CPU.ActiveCfg = Debug|Any CPU
		{3A472935-27EC-4443-A9B3-2D268691A4CF}.Debug|Any CPU.Build.0 = Debug|Any CPU
		{3A472935-27EC-4443-A9B3-2D268691A4CF}.Release|Any CPU.ActiveCfg = Release|Any CPU
		{3A472935-27EC-4443-A9B3-2D268691A4CF}.Release|Any CPU.Build.0 = Release|Any CPU
		{D47DE1DE-F10C-4CBA-BB12-9F4324EE2C58}.Debug|Any CPU.ActiveCfg = Debug|Any CPU
		{D47DE1DE-F10C-4CBA-BB12-9F4324EE2C58}.Debug|Any CPU.Build.0 = Debug|Any CPU
		{D47DE1DE-F10C-4CBA-BB12-9F4324EE2C58}.Release|Any CPU.ActiveCfg = Release|Any CPU
		{D47DE1DE-F10C-4CBA-BB12-9F4324EE2C58}.Release|Any CPU.Build.0 = Release|Any CPU
	EndGlobalSection
	GlobalSection(SolutionProperties) = preSolution
		HideSolutionNode = FALSE
	EndGlobalSection
	GlobalSection(NestedProjects) = preSolution
		{A1A0D63C-D8EE-4D9A-BB20-783694E2B2CE} = {65348619-DB86-4C70-8A0F-D5ACE024F5D6}
		{3A472935-27EC-4443-A9B3-2D268691A4CF} = {65348619-DB86-4C70-8A0F-D5ACE024F5D6}
		{D47DE1DE-F10C-4CBA-BB12-9F4324EE2C58} = {65348619-DB86-4C70-8A0F-D5ACE024F5D6}
	EndGlobalSection
	GlobalSection(ExtensibilityGlobals) = postSolution
		SolutionGuid = {CB13DA89-E036-4547-8E00-FEB2054CD30A}
	EndGlobalSection
EndGlobal
